
Microsoft Visual Studio Solution File, Format Version 12.00
# Visual Studio 2013
VisualStudioVersion = 12.0.31101.0
MinimumVisualStudioVersion = 10.0.40219.1
Project("{FAE04EC0-301F-11D3-BF4B-00C04F79EFBC}") = "BKP", "BKP\BKP.csproj", "{C125E6D1-FA94-449C-B493-38EBB9423EFC}"
EndProject
Project("{FAE04EC0-301F-11D3-BF4B-00C04F79EFBC}") = "TiledSharp", "TiledSharp\TiledSharp\TiledSharp.csproj", "{E4130F8D-D301-4E0C-916D-489C4A23C9B1}"
EndProject
Project("{FAE04EC0-301F-11D3-BF4B-00C04F79EFBC}") = "ContentManager", "ContentManager\ContentManager\ContentManager.csproj", "{9AC895A5-776B-4848-B533-4DA38DD681AD}"
EndProject
Project("{96E2B04D-8817-42C6-938A-82C39BA4D311}") = "ContentManagerContent", "ContentManager\ContentManagerContent\ContentManagerContent.contentproj", "{3B0A937F-A613-4B78-A750-4FC75D9ED1C1}"
EndProject
Global
	GlobalSection(SolutionConfigurationPlatforms) = preSolution
		Android|Any CPU = Android|Any CPU
		Android|Mixed Platforms = Android|Mixed Platforms
		Android|x86 = Android|x86
		Debug|Any CPU = Debug|Any CPU
		Debug|Mixed Platforms = Debug|Mixed Platforms
		Debug|x86 = Debug|x86
		iOS|Any CPU = iOS|Any CPU
		iOS|Mixed Platforms = iOS|Mixed Platforms
		iOS|x86 = iOS|x86
		Linux|Any CPU = Linux|Any CPU
		Linux|Mixed Platforms = Linux|Mixed Platforms
		Linux|x86 = Linux|x86
		OSX|Any CPU = OSX|Any CPU
		OSX|Mixed Platforms = OSX|Mixed Platforms
		OSX|x86 = OSX|x86
		PSM|Any CPU = PSM|Any CPU
		PSM|Mixed Platforms = PSM|Mixed Platforms
		PSM|x86 = PSM|x86
		Release|Any CPU = Release|Any CPU
		Release|Mixed Platforms = Release|Mixed Platforms
		Release|x86 = Release|x86
		Windows|Any CPU = Windows|Any CPU
		Windows|Mixed Platforms = Windows|Mixed Platforms
		Windows|x86 = Windows|x86
		Windows8|Any CPU = Windows8|Any CPU
		Windows8|Mixed Platforms = Windows8|Mixed Platforms
		Windows8|x86 = Windows8|x86
	EndGlobalSection
	GlobalSection(ProjectConfigurationPlatforms) = postSolution
		{C125E6D1-FA94-449C-B493-38EBB9423EFC}.Android|Any CPU.ActiveCfg = Release|x86
		{C125E6D1-FA94-449C-B493-38EBB9423EFC}.Android|Mixed Platforms.ActiveCfg = Release|x86
		{C125E6D1-FA94-449C-B493-38EBB9423EFC}.Android|Mixed Platforms.Build.0 = Release|x86
		{C125E6D1-FA94-449C-B493-38EBB9423EFC}.Android|x86.ActiveCfg = Release|x86
		{C125E6D1-FA94-449C-B493-38EBB9423EFC}.Android|x86.Build.0 = Release|x86
		{C125E6D1-FA94-449C-B493-38EBB9423EFC}.Debug|Any CPU.ActiveCfg = Debug|x86
		{C125E6D1-FA94-449C-B493-38EBB9423EFC}.Debug|Mixed Platforms.ActiveCfg = Debug|x86
		{C125E6D1-FA94-449C-B493-38EBB9423EFC}.Debug|Mixed Platforms.Build.0 = Debug|x86
		{C125E6D1-FA94-449C-B493-38EBB9423EFC}.Debug|x86.ActiveCfg = Debug|x86
		{C125E6D1-FA94-449C-B493-38EBB9423EFC}.Debug|x86.Build.0 = Debug|x86
		{C125E6D1-FA94-449C-B493-38EBB9423EFC}.iOS|Any CPU.ActiveCfg = Release|x86
		{C125E6D1-FA94-449C-B493-38EBB9423EFC}.iOS|Mixed Platforms.ActiveCfg = Release|x86
		{C125E6D1-FA94-449C-B493-38EBB9423EFC}.iOS|Mixed Platforms.Build.0 = Release|x86
		{C125E6D1-FA94-449C-B493-38EBB9423EFC}.iOS|x86.ActiveCfg = Release|x86
		{C125E6D1-FA94-449C-B493-38EBB9423EFC}.iOS|x86.Build.0 = Release|x86
		{C125E6D1-FA94-449C-B493-38EBB9423EFC}.Linux|Any CPU.ActiveCfg = Release|x86
		{C125E6D1-FA94-449C-B493-38EBB9423EFC}.Linux|Mixed Platforms.ActiveCfg = Release|x86
		{C125E6D1-FA94-449C-B493-38EBB9423EFC}.Linux|Mixed Platforms.Build.0 = Release|x86
		{C125E6D1-FA94-449C-B493-38EBB9423EFC}.Linux|x86.ActiveCfg = Release|x86
		{C125E6D1-FA94-449C-B493-38EBB9423EFC}.Linux|x86.Build.0 = Release|x86
		{C125E6D1-FA94-449C-B493-38EBB9423EFC}.OSX|Any CPU.ActiveCfg = Release|x86
		{C125E6D1-FA94-449C-B493-38EBB9423EFC}.OSX|Mixed Platforms.ActiveCfg = Release|x86
		{C125E6D1-FA94-449C-B493-38EBB9423EFC}.OSX|Mixed Platforms.Build.0 = Release|x86
		{C125E6D1-FA94-449C-B493-38EBB9423EFC}.OSX|x86.ActiveCfg = Release|x86
		{C125E6D1-FA94-449C-B493-38EBB9423EFC}.OSX|x86.Build.0 = Release|x86
		{C125E6D1-FA94-449C-B493-38EBB9423EFC}.PSM|Any CPU.ActiveCfg = Release|x86
		{C125E6D1-FA94-449C-B493-38EBB9423EFC}.PSM|Mixed Platforms.ActiveCfg = Release|x86
		{C125E6D1-FA94-449C-B493-38EBB9423EFC}.PSM|Mixed Platforms.Build.0 = Release|x86
		{C125E6D1-FA94-449C-B493-38EBB9423EFC}.PSM|x86.ActiveCfg = Release|x86
		{C125E6D1-FA94-449C-B493-38EBB9423EFC}.PSM|x86.Build.0 = Release|x86
		{C125E6D1-FA94-449C-B493-38EBB9423EFC}.Release|Any CPU.ActiveCfg = Release|x86
		{C125E6D1-FA94-449C-B493-38EBB9423EFC}.Release|Mixed Platforms.ActiveCfg = Release|x86
		{C125E6D1-FA94-449C-B493-38EBB9423EFC}.Release|Mixed Platforms.Build.0 = Release|x86
		{C125E6D1-FA94-449C-B493-38EBB9423EFC}.Release|x86.ActiveCfg = Release|x86
		{C125E6D1-FA94-449C-B493-38EBB9423EFC}.Release|x86.Build.0 = Release|x86
		{C125E6D1-FA94-449C-B493-38EBB9423EFC}.Windows|Any CPU.ActiveCfg = Release|x86
		{C125E6D1-FA94-449C-B493-38EBB9423EFC}.Windows|Mixed Platforms.ActiveCfg = Release|x86
		{C125E6D1-FA94-449C-B493-38EBB9423EFC}.Windows|Mixed Platforms.Build.0 = Release|x86
		{C125E6D1-FA94-449C-B493-38EBB9423EFC}.Windows|x86.ActiveCfg = Release|x86
		{C125E6D1-FA94-449C-B493-38EBB9423EFC}.Windows|x86.Build.0 = Release|x86
		{C125E6D1-FA94-449C-B493-38EBB9423EFC}.Windows8|Any CPU.ActiveCfg = Release|x86
		{C125E6D1-FA94-449C-B493-38EBB9423EFC}.Windows8|Mixed Platforms.ActiveCfg = Release|x86
		{C125E6D1-FA94-449C-B493-38EBB9423EFC}.Windows8|Mixed Platforms.Build.0 = Release|x86
		{C125E6D1-FA94-449C-B493-38EBB9423EFC}.Windows8|x86.ActiveCfg = Release|x86
		{C125E6D1-FA94-449C-B493-38EBB9423EFC}.Windows8|x86.Build.0 = Release|x86
		{E4130F8D-D301-4E0C-916D-489C4A23C9B1}.Android|Any CPU.ActiveCfg = Release|Any CPU
		{E4130F8D-D301-4E0C-916D-489C4A23C9B1}.Android|Any CPU.Build.0 = Release|Any CPU
		{E4130F8D-D301-4E0C-916D-489C4A23C9B1}.Android|Mixed Platforms.ActiveCfg = Release|Any CPU
		{E4130F8D-D301-4E0C-916D-489C4A23C9B1}.Android|Mixed Platforms.Build.0 = Release|Any CPU
		{E4130F8D-D301-4E0C-916D-489C4A23C9B1}.Android|x86.ActiveCfg = Release|Any CPU
		{E4130F8D-D301-4E0C-916D-489C4A23C9B1}.Debug|Any CPU.ActiveCfg = Debug|Any CPU
		{E4130F8D-D301-4E0C-916D-489C4A23C9B1}.Debug|Any CPU.Build.0 = Debug|Any CPU
		{E4130F8D-D301-4E0C-916D-489C4A23C9B1}.Debug|Mixed Platforms.ActiveCfg = Debug|Any CPU
		{E4130F8D-D301-4E0C-916D-489C4A23C9B1}.Debug|Mixed Platforms.Build.0 = Debug|Any CPU
		{E4130F8D-D301-4E0C-916D-489C4A23C9B1}.Debug|x86.ActiveCfg = Debug|Any CPU
		{E4130F8D-D301-4E0C-916D-489C4A23C9B1}.iOS|Any CPU.ActiveCfg = Release|Any CPU
		{E4130F8D-D301-4E0C-916D-489C4A23C9B1}.iOS|Any CPU.Build.0 = Release|Any CPU
		{E4130F8D-D301-4E0C-916D-489C4A23C9B1}.iOS|Mixed Platforms.ActiveCfg = Release|Any CPU
		{E4130F8D-D301-4E0C-916D-489C4A23C9B1}.iOS|Mixed Platforms.Build.0 = Release|Any CPU
		{E4130F8D-D301-4E0C-916D-489C4A23C9B1}.iOS|x86.ActiveCfg = Release|Any CPU
		{E4130F8D-D301-4E0C-916D-489C4A23C9B1}.Linux|Any CPU.ActiveCfg = Release|Any CPU
		{E4130F8D-D301-4E0C-916D-489C4A23C9B1}.Linux|Any CPU.Build.0 = Release|Any CPU
		{E4130F8D-D301-4E0C-916D-489C4A23C9B1}.Linux|Mixed Platforms.ActiveCfg = Release|Any CPU
		{E4130F8D-D301-4E0C-916D-489C4A23C9B1}.Linux|Mixed Platforms.Build.0 = Release|Any CPU
		{E4130F8D-D301-4E0C-916D-489C4A23C9B1}.Linux|x86.ActiveCfg = Release|Any CPU
		{E4130F8D-D301-4E0C-916D-489C4A23C9B1}.OSX|Any CPU.ActiveCfg = Release|Any CPU
		{E4130F8D-D301-4E0C-916D-489C4A23C9B1}.OSX|Any CPU.Build.0 = Release|Any CPU
		{E4130F8D-D301-4E0C-916D-489C4A23C9B1}.OSX|Mixed Platforms.ActiveCfg = Release|Any CPU
		{E4130F8D-D301-4E0C-916D-489C4A23C9B1}.OSX|Mixed Platforms.Build.0 = Release|Any CPU
		{E4130F8D-D301-4E0C-916D-489C4A23C9B1}.OSX|x86.ActiveCfg = Release|Any CPU
		{E4130F8D-D301-4E0C-916D-489C4A23C9B1}.PSM|Any CPU.ActiveCfg = Release|Any CPU
		{E4130F8D-D301-4E0C-916D-489C4A23C9B1}.PSM|Any CPU.Build.0 = Release|Any CPU
		{E4130F8D-D301-4E0C-916D-489C4A23C9B1}.PSM|Mixed Platforms.ActiveCfg = Release|Any CPU
		{E4130F8D-D301-4E0C-916D-489C4A23C9B1}.PSM|Mixed Platforms.Build.0 = Release|Any CPU
		{E4130F8D-D301-4E0C-916D-489C4A23C9B1}.PSM|x86.ActiveCfg = Release|Any CPU
		{E4130F8D-D301-4E0C-916D-489C4A23C9B1}.Release|Any CPU.ActiveCfg = Release|Any CPU
		{E4130F8D-D301-4E0C-916D-489C4A23C9B1}.Release|Any CPU.Build.0 = Release|Any CPU
		{E4130F8D-D301-4E0C-916D-489C4A23C9B1}.Release|Mixed Platforms.ActiveCfg = Release|Any CPU
		{E4130F8D-D301-4E0C-916D-489C4A23C9B1}.Release|Mixed Platforms.Build.0 = Release|Any CPU
		{E4130F8D-D301-4E0C-916D-489C4A23C9B1}.Release|x86.ActiveCfg = Release|Any CPU
		{E4130F8D-D301-4E0C-916D-489C4A23C9B1}.Windows|Any CPU.ActiveCfg = Release|Any CPU
		{E4130F8D-D301-4E0C-916D-489C4A23C9B1}.Windows|Any CPU.Build.0 = Release|Any CPU
		{E4130F8D-D301-4E0C-916D-489C4A23C9B1}.Windows|Mixed Platforms.ActiveCfg = Release|Any CPU
		{E4130F8D-D301-4E0C-916D-489C4A23C9B1}.Windows|Mixed Platforms.Build.0 = Release|Any CPU
		{E4130F8D-D301-4E0C-916D-489C4A23C9B1}.Windows|x86.ActiveCfg = Release|Any CPU
		{E4130F8D-D301-4E0C-916D-489C4A23C9B1}.Windows8|Any CPU.ActiveCfg = Release|Any CPU
		{E4130F8D-D301-4E0C-916D-489C4A23C9B1}.Windows8|Any CPU.Build.0 = Release|Any CPU
		{E4130F8D-D301-4E0C-916D-489C4A23C9B1}.Windows8|Mixed Platforms.ActiveCfg = Release|Any CPU
		{E4130F8D-D301-4E0C-916D-489C4A23C9B1}.Windows8|Mixed Platforms.Build.0 = Release|Any CPU
		{E4130F8D-D301-4E0C-916D-489C4A23C9B1}.Windows8|x86.ActiveCfg = Release|Any CPU
		{9AC895A5-776B-4848-B533-4DA38DD681AD}.Android|Any CPU.ActiveCfg = Android|Any CPU
		{9AC895A5-776B-4848-B533-4DA38DD681AD}.Android|Any CPU.Build.0 = Android|Any CPU
		{9AC895A5-776B-4848-B533-4DA38DD681AD}.Android|Mixed Platforms.ActiveCfg = Android|Any CPU
		{9AC895A5-776B-4848-B533-4DA38DD681AD}.Android|Mixed Platforms.Build.0 = Android|Any CPU
		{9AC895A5-776B-4848-B533-4DA38DD681AD}.Android|x86.ActiveCfg = Android|Any CPU
		{9AC895A5-776B-4848-B533-4DA38DD681AD}.Debug|Any CPU.ActiveCfg = PSM|Any CPU
		{9AC895A5-776B-4848-B533-4DA38DD681AD}.Debug|Any CPU.Build.0 = PSM|Any CPU
		{9AC895A5-776B-4848-B533-4DA38DD681AD}.Debug|Mixed Platforms.ActiveCfg = PSM|Any CPU
		{9AC895A5-776B-4848-B533-4DA38DD681AD}.Debug|Mixed Platforms.Build.0 = PSM|Any CPU
		{9AC895A5-776B-4848-B533-4DA38DD681AD}.Debug|x86.ActiveCfg = PSM|Any CPU
		{9AC895A5-776B-4848-B533-4DA38DD681AD}.iOS|Any CPU.ActiveCfg = iOS|Any CPU
		{9AC895A5-776B-4848-B533-4DA38DD681AD}.iOS|Any CPU.Build.0 = iOS|Any CPU
		{9AC895A5-776B-4848-B533-4DA38DD681AD}.iOS|Mixed Platforms.ActiveCfg = iOS|Any CPU
		{9AC895A5-776B-4848-B533-4DA38DD681AD}.iOS|Mixed Platforms.Build.0 = iOS|Any CPU
		{9AC895A5-776B-4848-B533-4DA38DD681AD}.iOS|x86.ActiveCfg = iOS|Any CPU
		{9AC895A5-776B-4848-B533-4DA38DD681AD}.Linux|Any CPU.ActiveCfg = Linux|Any CPU
		{9AC895A5-776B-4848-B533-4DA38DD681AD}.Linux|Any CPU.Build.0 = Linux|Any CPU
		{9AC895A5-776B-4848-B533-4DA38DD681AD}.Linux|Mixed Platforms.ActiveCfg = Linux|Any CPU
		{9AC895A5-776B-4848-B533-4DA38DD681AD}.Linux|Mixed Platforms.Build.0 = Linux|Any CPU
		{9AC895A5-776B-4848-B533-4DA38DD681AD}.Linux|x86.ActiveCfg = Linux|Any CPU
		{9AC895A5-776B-4848-B533-4DA38DD681AD}.OSX|Any CPU.ActiveCfg = OSX|Any CPU
		{9AC895A5-776B-4848-B533-4DA38DD681AD}.OSX|Any CPU.Build.0 = OSX|Any CPU
		{9AC895A5-776B-4848-B533-4DA38DD681AD}.OSX|Mixed Platforms.ActiveCfg = OSX|Any CPU
		{9AC895A5-776B-4848-B533-4DA38DD681AD}.OSX|Mixed Platforms.Build.0 = OSX|Any CPU
		{9AC895A5-776B-4848-B533-4DA38DD681AD}.OSX|x86.ActiveCfg = OSX|Any CPU
		{9AC895A5-776B-4848-B533-4DA38DD681AD}.PSM|Any CPU.ActiveCfg = PSM|Any CPU
		{9AC895A5-776B-4848-B533-4DA38DD681AD}.PSM|Any CPU.Build.0 = PSM|Any CPU
		{9AC895A5-776B-4848-B533-4DA38DD681AD}.PSM|Mixed Platforms.ActiveCfg = PSM|Any CPU
		{9AC895A5-776B-4848-B533-4DA38DD681AD}.PSM|Mixed Platforms.Build.0 = PSM|Any CPU
		{9AC895A5-776B-4848-B533-4DA38DD681AD}.PSM|x86.ActiveCfg = PSM|Any CPU
		{9AC895A5-776B-4848-B533-4DA38DD681AD}.Release|Any CPU.ActiveCfg = PSM|Any CPU
		{9AC895A5-776B-4848-B533-4DA38DD681AD}.Release|Any CPU.Build.0 = PSM|Any CPU
		{9AC895A5-776B-4848-B533-4DA38DD681AD}.Release|Mixed Platforms.ActiveCfg = PSM|Any CPU
		{9AC895A5-776B-4848-B533-4DA38DD681AD}.Release|Mixed Platforms.Build.0 = PSM|Any CPU
		{9AC895A5-776B-4848-B533-4DA38DD681AD}.Release|x86.ActiveCfg = PSM|Any CPU
		{9AC895A5-776B-4848-B533-4DA38DD681AD}.Windows|Any CPU.ActiveCfg = Windows|Any CPU
		{9AC895A5-776B-4848-B533-4DA38DD681AD}.Windows|Any CPU.Build.0 = Windows|Any CPU
		{9AC895A5-776B-4848-B533-4DA38DD681AD}.Windows|Mixed Platforms.ActiveCfg = Windows|Any CPU
		{9AC895A5-776B-4848-B533-4DA38DD681AD}.Windows|Mixed Platforms.Build.0 = Windows|Any CPU
		{9AC895A5-776B-4848-B533-4DA38DD681AD}.Windows|x86.ActiveCfg = Windows|Any CPU
		{9AC895A5-776B-4848-B533-4DA38DD681AD}.Windows8|Any CPU.ActiveCfg = Windows8|Any CPU
		{9AC895A5-776B-4848-B533-4DA38DD681AD}.Windows8|Any CPU.Build.0 = Windows8|Any CPU
		{9AC895A5-776B-4848-B533-4DA38DD681AD}.Windows8|Mixed Platforms.ActiveCfg = Windows8|Any CPU
		{9AC895A5-776B-4848-B533-4DA38DD681AD}.Windows8|Mixed Platforms.Build.0 = Windows8|Any CPU
		{9AC895A5-776B-4848-B533-4DA38DD681AD}.Windows8|x86.ActiveCfg = Windows8|Any CPU
		{3B0A937F-A613-4B78-A750-4FC75D9ED1C1}.Android|Any CPU.ActiveCfg = Android|Any CPU
		{3B0A937F-A613-4B78-A750-4FC75D9ED1C1}.Android|Mixed Platforms.ActiveCfg = Android|Any CPU
		{3B0A937F-A613-4B78-A750-4FC75D9ED1C1}.Android|x86.ActiveCfg = Android|Any CPU
		{3B0A937F-A613-4B78-A750-4FC75D9ED1C1}.Debug|Any CPU.ActiveCfg = PSM|Any CPU
		{3B0A937F-A613-4B78-A750-4FC75D9ED1C1}.Debug|Mixed Platforms.ActiveCfg = PSM|Any CPU
		{3B0A937F-A613-4B78-A750-4FC75D9ED1C1}.Debug|x86.ActiveCfg = PSM|Any CPU
		{3B0A937F-A613-4B78-A750-4FC75D9ED1C1}.iOS|Any CPU.ActiveCfg = iOS|Any CPU
		{3B0A937F-A613-4B78-A750-4FC75D9ED1C1}.iOS|Mixed Platforms.ActiveCfg = iOS|Any CPU
		{3B0A937F-A613-4B78-A750-4FC75D9ED1C1}.iOS|x86.ActiveCfg = iOS|Any CPU
		{3B0A937F-A613-4B78-A750-4FC75D9ED1C1}.Linux|Any CPU.ActiveCfg = Linux|Any CPU
		{3B0A937F-A613-4B78-A750-4FC75D9ED1C1}.Linux|Mixed Platforms.ActiveCfg = Linux|Any CPU
		{3B0A937F-A613-4B78-A750-4FC75D9ED1C1}.Linux|x86.ActiveCfg = Linux|Any CPU
		{3B0A937F-A613-4B78-A750-4FC75D9ED1C1}.OSX|Any CPU.ActiveCfg = OSX|Any CPU
		{3B0A937F-A613-4B78-A750-4FC75D9ED1C1}.OSX|Mixed Platforms.ActiveCfg = OSX|Any CPU
		{3B0A937F-A613-4B78-A750-4FC75D9ED1C1}.OSX|x86.ActiveCfg = OSX|Any CPU
		{3B0A937F-A613-4B78-A750-4FC75D9ED1C1}.PSM|Any CPU.ActiveCfg = PSM|Any CPU
		{3B0A937F-A613-4B78-A750-4FC75D9ED1C1}.PSM|Mixed Platforms.ActiveCfg = PSM|Any CPU
		{3B0A937F-A613-4B78-A750-4FC75D9ED1C1}.PSM|x86.ActiveCfg = PSM|Any CPU
		{3B0A937F-A613-4B78-A750-4FC75D9ED1C1}.Release|Any CPU.ActiveCfg = PSM|Any CPU
		{3B0A937F-A613-4B78-A750-4FC75D9ED1C1}.Release|Mixed Platforms.ActiveCfg = PSM|Any CPU
		{3B0A937F-A613-4B78-A750-4FC75D9ED1C1}.Release|x86.ActiveCfg = PSM|Any CPU
		{3B0A937F-A613-4B78-A750-4FC75D9ED1C1}.Windows|Any CPU.ActiveCfg = Windows|Any CPU
		{3B0A937F-A613-4B78-A750-4FC75D9ED1C1}.Windows|Mixed Platforms.ActiveCfg = Windows|Any CPU
		{3B0A937F-A613-4B78-A750-4FC75D9ED1C1}.Windows|x86.ActiveCfg = Windows|Any CPU
		{3B0A937F-A613-4B78-A750-4FC75D9ED1C1}.Windows8|Any CPU.ActiveCfg = Windows8|Any CPU
		{3B0A937F-A613-4B78-A750-4FC75D9ED1C1}.Windows8|Mixed Platforms.ActiveCfg = Windows8|Any CPU
		{3B0A937F-A613-4B78-A750-4FC75D9ED1C1}.Windows8|x86.ActiveCfg = Windows8|Any CPU
	EndGlobalSection
	GlobalSection(SolutionProperties) = preSolution
		HideSolutionNode = FALSE
	EndGlobalSection
EndGlobal
